
Microsoft Visual Studio Solution File, Format Version 12.00
# Visual Studio Version 17
VisualStudioVersion = 17.6.33815.320
MinimumVisualStudioVersion = 10.0.40219.1
Project("{9A19103F-16F7-4668-BE54-9A1E7A4F7556}") = "WebApplication_StandardInventDays", "WebApplication_StandardInventDays\WebApplication_StandardInventDays.csproj", "{2A2F13F6-943A-4C8D-A5DB-0F6F933BCA8B}"
EndProject
Global
	GlobalSection(SolutionConfigurationPlatforms) = preSolution
		Debug|Any CPU = Debug|Any CPU
		Release|Any CPU = Release|Any CPU
	EndGlobalSection
	GlobalSection(ProjectConfigurationPlatforms) = postSolution
		{2A2F13F6-943A-4C8D-A5DB-0F6F933BCA8B}.Debug|Any CPU.ActiveCfg = Debug|Any CPU
		{2A2F13F6-943A-4C8D-A5DB-0F6F933BCA8B}.Debug|Any CPU.Build.0 = Debug|Any CPU
		{2A2F13F6-943A-4C8D-A5DB-0F6F933BCA8B}.Release|Any CPU.ActiveCfg = Release|Any CPU
		{2A2F13F6-943A-4C8D-A5DB-0F6F933BCA8B}.Release|Any CPU.Build.0 = Release|Any CPU
	EndGlobalSection
	GlobalSection(SolutionProperties) = preSolution
		HideSolutionNode = FALSE
	EndGlobalSection
	GlobalSection(ExtensibilityGlobals) = postSolution
		SolutionGuid = {5E71F8E5-7E73-4FCB-A65F-46F6D8F83085}
	EndGlobalSection
EndGlobal
